
Microsoft Visual Studio Solution File, Format Version 12.00
# Visual Studio Version 16
VisualStudioVersion = 25.0.1706.7
MinimumVisualStudioVersion = 10.0.40219.1
Project("{FAE04EC0-301F-11D3-BF4B-00C04F79EFBC}") = "Gutha", "Gutha\Gutha.csproj", "{F2DDE725-02A7-4625-9261-8B432D9057D8}"
EndProject
Project("{2150E333-8FDC-42A3-9474-1A3956D46DE8}") = "Solution Items", "Solution Items", "{DF125A6D-F476-4F45-AF0E-9D4D833F24C7}"
EndProject
Global
	GlobalSection(SolutionConfigurationPlatforms) = preSolution
		Debug|Any CPU = Debug|Any CPU
		Release|Any CPU = Release|Any CPU
	EndGlobalSection
	GlobalSection(ProjectConfigurationPlatforms) = postSolution
		{F2DDE725-02A7-4625-9261-8B432D9057D8}.Debug|Any CPU.ActiveCfg = Debug|Any CPU
		{F2DDE725-02A7-4625-9261-8B432D9057D8}.Debug|Any CPU.Build.0 = Debug|Any CPU
		{F2DDE725-02A7-4625-9261-8B432D9057D8}.Release|Any CPU.ActiveCfg = Release|Any CPU
		{F2DDE725-02A7-4625-9261-8B432D9057D8}.Release|Any CPU.Build.0 = Release|Any CPU
	EndGlobalSection
	GlobalSection(SolutionProperties) = preSolution
		HideSolutionNode = FALSE
	EndGlobalSection
	GlobalSection(ExtensibilityGlobals) = postSolution
		SolutionGuid = {FBA363A5-63ED-48BB-8316-AD9E84248D2A}
	EndGlobalSection
EndGlobal
